{
    "_meta": {
        "hash": {
            "sha256": "aa2b269c16da1a9129c559b511a2b16f186a2ccc64b0fab4b8046e2392ee16c8"
        },
        "pipfile-spec": 6,
        "requires": {
            "python_version": "3.7"
        },
        "sources": [
            {
                "name": "pypi",
                "url": "https://pypi.org/simple",
                "verify_ssl": true
            }
        ]
    },
    "default": {
        "dkimpy": {
            "hashes": [
                "sha256:11fc2bd6177a7d016e1148bff8535d0f0c9931e339186b4a58a93a331c9aefc3"
            ],
            "index": "pypi",
            "version": "==1.0.3"
        },
        "dnslib": {
            "hashes": [
                "sha256:7310cc27565d1f36d2c975483647803d959e3d4aac3b4498a8168768b6fc00c9",
                "sha256:c206f09948f3ad17884adffdb552b700072c6022fa59744a0f0606114c475e19"
            ],
            "index": "pypi",
            "version": "==0.9.12"
        },
        "dnspython": {
            "hashes": [
                "sha256:36c5e8e38d4369a08b6780b7f27d790a292b2b08eea01607865bf0936c558e01",
                "sha256:f69c21288a962f4da86e56c4905b49d11aba7938d3d740e80d9e366ee4f1632d"
            ],
            "version": "==1.16.0"
        }
    },
    "develop": {
        "autopep8": {
            "hashes": [
                "sha256:0f592a0447acea0c2b0a9602be1e4e3d86db52badd2e3c84f0193bfd89fd3a43"
            ],
            "index": "pypi",
            "version": "==1.5"
        },
        "pycodestyle": {
            "hashes": [
                "sha256:95a2219d12372f05704562a14ec30bc76b05a5b297b21a5dfe3f6fac3491ae56",
                "sha256:e40a936c9a450ad81df37f549d676d127b1b66000a6c500caa2b085bc0ca976c"
            ],
            "version": "==2.5.0"
        }
    }
}
